github.com/cespare/xxhash/v2 v2.3.0 h1:UL815xU9SqsFlibzuggzjXhog7bL6oX9BbNZnL2UFvs=
github.com/cespare/xxhash/v2 v2.3.0/go.mod h1:VGX0DQ3Q6kWi7AoAeZDth3/j3BFtOZR5XLFGgcrjCOs=
github.com/dgraph-io/ristretto/v2 v2.4.2 h1:x0cvjmUKxt764Yxdk2nr94we1AvPPAMh1rh5TQ+Jo80=
github.com/dgraph-io/ristretto/v2 v2.4.2/go.mod h1:0KsrXtXvnv0EqnzyowllbVJB8yBonswa2lTCK2gGo9E=
github.com/dustin/go-humanize v1.0.1 h1:GzkhY7T5VNhEkwH0PVJgjz+fX1rhBrR7pRT3mDkpeCY=
github.com/dustin/go-humanize v1.0.1/go.mod h1:Mu1zIs6XwVuF/gI1OepvI0qD18qycQx+mFykh5fBlto=
github.com/google/uuid v1.6.0 h1:NIvaJDMOsjHA8n1jAhLSgzrAzy1Hgr+hNrb57e+94F0=
github.com/google/uuid v1.6.0/go.mod h1:TIyPZe4MgqvfeYDBFedMoGGpEw/LqOeaOT+nhxU+yHo=
github.com/superdurable/dex-connectors-library/connectors/google/gmail v0.1.0/go.mod h1:ksMr9/XrPImFTess+N4PxUb4udo0oWH50+LmctBxQao=
github.com/superdurable/dex-connectors-library/sdk/go v0.1.2 h1:6N+Ayh98CqMlrKttNTDnBlPn9G2o7oq5/BsigSkxcbk=
github.com/superdurable/dex-connectors-library/sdk/go v0.1.2/go.mod h1:wv493iG6f2po9NR8Y7pm4+dxR6KPwMgOqIWQWzkITBU=
github.com/superdurable/dex/blob-cache-go v0.1.0 h1:+c3H5YBWG3DlICOHbgT9IUM5vTlfLYGP5Vd5sWr7WTY=
github.com/superdurable/dex/blob-cache-go v0.1.0/go.mod h1:Atepb7+sztvDCztVKmlvEKCSKFCkHKtDhoFYjaFmtEw=
github.com/superdurable/dex/sdk-go v0.11.3 h1:8hLwMr434iSQL2Xg6G3kVuRNoz5oSn68XGkUinCszY8=
github.com/superdurable/dex/sdk-go v0.11.3/go.mod h1:8Wj5wPf9dyb7hDnA40j8xISR/zjhX57NrUDVcXgf5x8=
golang.org/x/net v0.49.0 h1:eeHFmOGUTtaaPSGNmjBKpbng9MulQsJURQUAfUwY++o=
golang.org/x/net v0.49.0/go.mod h1:/ysNB2EvaqvesRkuLAyjI1ycPZlQHM3q01F02UY/MV8=
golang.org/x/sys v0.40.0 h1:DBZZqJ2Rkml6QMQsZywtnjnnGvHza6BTfYFWY9kjEWQ=
golang.org/x/sys v0.40.0/go.mod h1:OgkHotnGiDImocRcuBABYBEXf8A9a87e/uXjp9XT3ks=
golang.org/x/text v0.33.0 h1:B3njUFyqtHDUI5jMn1YIr5B0IE2U0qck04r6d4KPAxE=
golang.org/x/text v0.33.0/go.mod h1:LuMebE6+rBincTi9+xWTY8TztLzKHc/9C1uBCG27+q8=
google.golang.org/genproto/googleapis/rpc v0.0.0-20251202230838-ff82c1b0f217 h1:gRkg/vSppuSQoDjxyiGfN4Upv/h/DQmIR10ZU8dh4Ww=
google.golang.org/genproto/googleapis/rpc v0.0.0-20251202230838-ff82c1b0f217/go.mod h1:7i2o+ce6H/6BluujYR+kqX3GKH+dChPTQU19wjRPiGk=
google.golang.org/grpc v1.79.3 h1:sybAEdRIEtvcD68Gx7dmnwjZKlyfuc61Dyo9pGXXkKE=
google.golang.org/grpc v1.79.3/go.mod h1:KmT0Kjez+0dde/v2j9vzwoAScgEPx/Bw1CYChhHLrHQ=
google.golang.org/protobuf v1.36.11 h1:fV6ZwhNocDyBLK0dj+fg8ektcVegBBuEolpbTQyBNVE=
google.golang.org/protobuf v1.36.11/go.mod h1:HTf+CrKn2C3g5S8VImy6tdcUvCska2kB7j23XfzDpco=
